
Microsoft Visual Studio Solution File, Format Version 12.00
# Visual Studio Version 16
VisualStudioVersion = 16.0.30503.244
MinimumVisualStudioVersion = 10.0.40219.1
Project("{FAE04EC0-301F-11D3-BF4B-00C04F79EFBC}") = "Metod", "Metod\Metod.csproj", "{EDD1E593-8173-40AC-966D-FCF42ED4CCCD}"
EndProject
Global
	GlobalSection(SolutionConfigurationPlatforms) = preSolution
		Debug|Any CPU = Debug|Any CPU
		Release|Any CPU = Release|Any CPU
	EndGlobalSection
	GlobalSection(ProjectConfigurationPlatforms) = postSolution
		{EDD1E593-8173-40AC-966D-FCF42ED4CCCD}.Debug|Any CPU.ActiveCfg = Debug|Any CPU
		{EDD1E593-8173-40AC-966D-FCF42ED4CCCD}.Debug|Any CPU.Build.0 = Debug|Any CPU
		{EDD1E593-8173-40AC-966D-FCF42ED4CCCD}.Release|Any CPU.ActiveCfg = Release|Any CPU
		{EDD1E593-8173-40AC-966D-FCF42ED4CCCD}.Release|Any CPU.Build.0 = Release|Any CPU
	EndGlobalSection
	GlobalSection(SolutionProperties) = preSolution
		HideSolutionNode = FALSE
	EndGlobalSection
	GlobalSection(ExtensibilityGlobals) = postSolution
		SolutionGuid = {D1316C1B-605E-42FA-BF39-E3BDF3C49BC2}
	EndGlobalSection
EndGlobal
